
Microsoft Visual Studio Solution File, Format Version 12.00
# Visual Studio Version 16
VisualStudioVersion = 16.0.32929.386
MinimumVisualStudioVersion = 10.0.40219.1
Project("{8BC9CEB8-8B4A-11D0-8D11-00A0C91BC942}") = "mem", "src\mem\mem.vcxproj", "{F4CA096F-9E63-4759-8D17-B3D0763E2069}"
EndProject
Project("{2150E333-8FDC-42A3-9474-1A3956D46DE8}") = "mem_with_tests", "mem_with_tests", "{85A82C49-321B-4050-B390-DB9C10231EFC}"
EndProject
Project("{8BC9CEB8-8B4A-11D0-8D11-00A0C91BC942}") = "test_mem", "src\mem\test\test_mem.vcxproj", "{96B0D8EF-CA1E-4ED1-ACCE-704ECF17DD91}"
	ProjectSection(ProjectDependencies) = postProject
		{F4CA096F-9E63-4759-8D17-B3D0763E2069} = {F4CA096F-9E63-4759-8D17-B3D0763E2069}
		{C9BDD49A-5295-4BFD-BB32-7039D5C1D33E} = {C9BDD49A-5295-4BFD-BB32-7039D5C1D33E}
	EndProjectSection
EndProject
Project("{2150E333-8FDC-42A3-9474-1A3956D46DE8}") = "lang_with_tests", "lang_with_tests", "{9AEB33D1-5346-4EA0-A4BB-6EE128D05A1A}"
EndProject
Project("{8BC9CEB8-8B4A-11D0-8D11-00A0C91BC942}") = "lang", "src\lang\lang.vcxproj", "{C9BDD49A-5295-4BFD-BB32-7039D5C1D33E}"
EndProject
Project("{2150E333-8FDC-42A3-9474-1A3956D46DE8}") = "io_with_tests", "io_with_tests", "{91DD27F8-9B24-43B8-9394-9FAD366CC221}"
EndProject
Project("{8BC9CEB8-8B4A-11D0-8D11-00A0C91BC942}") = "io", "src\io\io.vcxproj", "{9FDEA081-4424-4E57-B4AB-43F5BB76D7BB}"
	ProjectSection(ProjectDependencies) = postProject
		{F4CA096F-9E63-4759-8D17-B3D0763E2069} = {F4CA096F-9E63-4759-8D17-B3D0763E2069}
		{C9BDD49A-5295-4BFD-BB32-7039D5C1D33E} = {C9BDD49A-5295-4BFD-BB32-7039D5C1D33E}
	EndProjectSection
EndProject
Project("{8BC9CEB8-8B4A-11D0-8D11-00A0C91BC942}") = "tests_io", "src\io\tests\tests_io.vcxproj", "{7B17D84B-2F02-4312-BE3E-E1ED97A431AC}"
	ProjectSection(ProjectDependencies) = postProject
		{F4CA096F-9E63-4759-8D17-B3D0763E2069} = {F4CA096F-9E63-4759-8D17-B3D0763E2069}
		{9FDEA081-4424-4E57-B4AB-43F5BB76D7BB} = {9FDEA081-4424-4E57-B4AB-43F5BB76D7BB}
		{C9BDD49A-5295-4BFD-BB32-7039D5C1D33E} = {C9BDD49A-5295-4BFD-BB32-7039D5C1D33E}
	EndProjectSection
EndProject
Global
	GlobalSection(SolutionConfigurationPlatforms) = preSolution
		Debug|x64 = Debug|x64
		Debug|x86 = Debug|x86
		Release|x64 = Release|x64
		Release|x86 = Release|x86
	EndGlobalSection
	GlobalSection(ProjectConfigurationPlatforms) = postSolution
		{F4CA096F-9E63-4759-8D17-B3D0763E2069}.Debug|x64.ActiveCfg = Debug|x64
		{F4CA096F-9E63-4759-8D17-B3D0763E2069}.Debug|x64.Build.0 = Debug|x64
		{F4CA096F-9E63-4759-8D17-B3D0763E2069}.Debug|x86.ActiveCfg = Debug|Win32
		{F4CA096F-9E63-4759-8D17-B3D0763E2069}.Debug|x86.Build.0 = Debug|Win32
		{F4CA096F-9E63-4759-8D17-B3D0763E2069}.Release|x64.ActiveCfg = Release|x64
		{F4CA096F-9E63-4759-8D17-B3D0763E2069}.Release|x64.Build.0 = Release|x64
		{F4CA096F-9E63-4759-8D17-B3D0763E2069}.Release|x86.ActiveCfg = Release|Win32
		{F4CA096F-9E63-4759-8D17-B3D0763E2069}.Release|x86.Build.0 = Release|Win32
		{96B0D8EF-CA1E-4ED1-ACCE-704ECF17DD91}.Debug|x64.ActiveCfg = Debug|x64
		{96B0D8EF-CA1E-4ED1-ACCE-704ECF17DD91}.Debug|x64.Build.0 = Debug|x64
		{96B0D8EF-CA1E-4ED1-ACCE-704ECF17DD91}.Debug|x86.ActiveCfg = Debug|Win32
		{96B0D8EF-CA1E-4ED1-ACCE-704ECF17DD91}.Debug|x86.Build.0 = Debug|Win32
		{96B0D8EF-CA1E-4ED1-ACCE-704ECF17DD91}.Release|x64.ActiveCfg = Release|x64
		{96B0D8EF-CA1E-4ED1-ACCE-704ECF17DD91}.Release|x64.Build.0 = Release|x64
		{96B0D8EF-CA1E-4ED1-ACCE-704ECF17DD91}.Release|x86.ActiveCfg = Release|Win32
		{96B0D8EF-CA1E-4ED1-ACCE-704ECF17DD91}.Release|x86.Build.0 = Release|Win32
		{C9BDD49A-5295-4BFD-BB32-7039D5C1D33E}.Debug|x64.ActiveCfg = Debug|x64
		{C9BDD49A-5295-4BFD-BB32-7039D5C1D33E}.Debug|x64.Build.0 = Debug|x64
		{C9BDD49A-5295-4BFD-BB32-7039D5C1D33E}.Debug|x86.ActiveCfg = Debug|Win32
		{C9BDD49A-5295-4BFD-BB32-7039D5C1D33E}.Debug|x86.Build.0 = Debug|Win32
		{C9BDD49A-5295-4BFD-BB32-7039D5C1D33E}.Release|x64.ActiveCfg = Release|x64
		{C9BDD49A-5295-4BFD-BB32-7039D5C1D33E}.Release|x64.Build.0 = Release|x64
		{C9BDD49A-5295-4BFD-BB32-7039D5C1D33E}.Release|x86.ActiveCfg = Release|Win32
		{C9BDD49A-5295-4BFD-BB32-7039D5C1D33E}.Release|x86.Build.0 = Release|Win32
		{9FDEA081-4424-4E57-B4AB-43F5BB76D7BB}.Debug|x64.ActiveCfg = Debug|x64
		{9FDEA081-4424-4E57-B4AB-43F5BB76D7BB}.Debug|x64.Build.0 = Debug|x64
		{9FDEA081-4424-4E57-B4AB-43F5BB76D7BB}.Debug|x86.ActiveCfg = Debug|Win32
		{9FDEA081-4424-4E57-B4AB-43F5BB76D7BB}.Debug|x86.Build.0 = Debug|Win32
		{9FDEA081-4424-4E57-B4AB-43F5BB76D7BB}.Release|x64.ActiveCfg = Release|x64
		{9FDEA081-4424-4E57-B4AB-43F5BB76D7BB}.Release|x64.Build.0 = Release|x64
		{9FDEA081-4424-4E57-B4AB-43F5BB76D7BB}.Release|x86.ActiveCfg = Release|Win32
		{9FDEA081-4424-4E57-B4AB-43F5BB76D7BB}.Release|x86.Build.0 = Release|Win32
		{7B17D84B-2F02-4312-BE3E-E1ED97A431AC}.Debug|x64.ActiveCfg = Debug|x64
		{7B17D84B-2F02-4312-BE3E-E1ED97A431AC}.Debug|x64.Build.0 = Debug|x64
		{7B17D84B-2F02-4312-BE3E-E1ED97A431AC}.Debug|x86.ActiveCfg = Debug|Win32
		{7B17D84B-2F02-4312-BE3E-E1ED97A431AC}.Debug|x86.Build.0 = Debug|Win32
		{7B17D84B-2F02-4312-BE3E-E1ED97A431AC}.Release|x64.ActiveCfg = Release|x64
		{7B17D84B-2F02-4312-BE3E-E1ED97A431AC}.Release|x64.Build.0 = Release|x64
		{7B17D84B-2F02-4312-BE3E-E1ED97A431AC}.Release|x86.ActiveCfg = Release|Win32
		{7B17D84B-2F02-4312-BE3E-E1ED97A431AC}.Release|x86.Build.0 = Release|Win32
	EndGlobalSection
	GlobalSection(SolutionProperties) = preSolution
		HideSolutionNode = FALSE
	EndGlobalSection
	GlobalSection(NestedProjects) = preSolution
		{F4CA096F-9E63-4759-8D17-B3D0763E2069} = {85A82C49-321B-4050-B390-DB9C10231EFC}
		{96B0D8EF-CA1E-4ED1-ACCE-704ECF17DD91} = {85A82C49-321B-4050-B390-DB9C10231EFC}
		{C9BDD49A-5295-4BFD-BB32-7039D5C1D33E} = {9AEB33D1-5346-4EA0-A4BB-6EE128D05A1A}
		{9FDEA081-4424-4E57-B4AB-43F5BB76D7BB} = {91DD27F8-9B24-43B8-9394-9FAD366CC221}
		{7B17D84B-2F02-4312-BE3E-E1ED97A431AC} = {91DD27F8-9B24-43B8-9394-9FAD366CC221}
	EndGlobalSection
	GlobalSection(ExtensibilityGlobals) = postSolution
		SolutionGuid = {087C730B-23A7-41A5-AFA0-7A8C8545C878}
	EndGlobalSection
EndGlobal
