
Microsoft Visual Studio Solution File, Format Version 12.00
# Visual Studio Version 16
VisualStudioVersion = 16.0.33214.272
MinimumVisualStudioVersion = 10.0.40219.1
Project("{8BC9CEB8-8B4A-11D0-8D11-00A0C91BC942}") = "lang", "lang\lang.vcxproj", "{0C6EE27F-4745-472A-A064-517015E353CF}"
EndProject
Project("{2150E333-8FDC-42A3-9474-1A3956D46DE8}") = "config", "config", "{71FB05CD-DEC3-42D7-B863-B9A30143329F}"
EndProject
Project("{2150E333-8FDC-42A3-9474-1A3956D46DE8}") = "msvc6", "msvc6", "{81961254-DC51-4B2A-B732-A42010AB04E8}"
	ProjectSection(SolutionItems) = preProject
		config\msvc6\config_msvc.h = config\msvc6\config_msvc.h
		config\msvc6\netdb.h = config\msvc6\netdb.h
		config\msvc6\pthread.h = config\msvc6\pthread.h
		config\msvc6\unistd.h = config\msvc6\unistd.h
	EndProjectSection
EndProject
Project("{2150E333-8FDC-42A3-9474-1A3956D46DE8}") = "netinet", "netinet", "{70FE8B25-FF3F-414F-A3E4-35D2ED0B0189}"
	ProjectSection(SolutionItems) = preProject
		config\msvc6\netinet\in.h = config\msvc6\netinet\in.h
	EndProjectSection
EndProject
Project("{2150E333-8FDC-42A3-9474-1A3956D46DE8}") = "sys", "sys", "{6471A795-2AA3-4F67-B974-C00E24C07AED}"
	ProjectSection(SolutionItems) = preProject
		config\msvc6\sys\ioctl.h = config\msvc6\sys\ioctl.h
		config\msvc6\sys\socket.h = config\msvc6\sys\socket.h
	EndProjectSection
EndProject
Project("{8BC9CEB8-8B4A-11D0-8D11-00A0C91BC942}") = "mem", "mem\mem.vcxproj", "{D0586623-319C-4B32-ACE5-4EF03AFE1B3D}"
EndProject
Project("{2150E333-8FDC-42A3-9474-1A3956D46DE8}") = "tests", "tests", "{27A56994-4E59-43C7-96F1-4102C19537CF}"
EndProject
Project("{2150E333-8FDC-42A3-9474-1A3956D46DE8}") = "mem", "mem", "{45A620F8-2FC4-41AA-B3A9-C0FD726B4CB8}"
EndProject
Project("{8BC9CEB8-8B4A-11D0-8D11-00A0C91BC942}") = "test_mem", "mem\test\test.vcxproj", "{49E8B366-CFB5-44FB-A90B-8DED311A82DA}"
	ProjectSection(ProjectDependencies) = postProject
		{D0586623-319C-4B32-ACE5-4EF03AFE1B3D} = {D0586623-319C-4B32-ACE5-4EF03AFE1B3D}
	EndProjectSection
EndProject
Project("{2150E333-8FDC-42A3-9474-1A3956D46DE8}") = "lang", "lang", "{D15253F0-E13C-4E9D-9723-193DCD3912A2}"
EndProject
Project("{8BC9CEB8-8B4A-11D0-8D11-00A0C91BC942}") = "test_NumberReader", "lang\tests\test_NumberReader.vcxproj", "{B2EF9AD3-6506-47E7-8F56-646188E4F819}"
	ProjectSection(ProjectDependencies) = postProject
		{0C6EE27F-4745-472A-A064-517015E353CF} = {0C6EE27F-4745-472A-A064-517015E353CF}
	EndProjectSection
EndProject
Project("{8BC9CEB8-8B4A-11D0-8D11-00A0C91BC942}") = "math", "math\math.vcxproj", "{EA6FAEDA-96D3-4C5F-9665-9B62BC637DA4}"
EndProject
Project("{8BC9CEB8-8B4A-11D0-8D11-00A0C91BC942}") = "util", "util\util.vcxproj", "{B1890611-40A2-4144-A979-3409D8EAFD92}"
	ProjectSection(ProjectDependencies) = postProject
		{5A9CD21F-774F-4C42-A44F-27E0937E3997} = {5A9CD21F-774F-4C42-A44F-27E0937E3997}
	EndProjectSection
EndProject
Project("{8BC9CEB8-8B4A-11D0-8D11-00A0C91BC942}") = "zip", "util\zip\zip.vcxproj", "{5A9CD21F-774F-4C42-A44F-27E0937E3997}"
	ProjectSection(ProjectDependencies) = postProject
		{E4FD05E9-BFC2-466D-9554-7B4C8BEEADCA} = {E4FD05E9-BFC2-466D-9554-7B4C8BEEADCA}
	EndProjectSection
EndProject
Project("{8BC9CEB8-8B4A-11D0-8D11-00A0C91BC942}") = "zar", "util\zip\zar\zar.vcxproj", "{645722AB-68DE-43CE-8001-45363F996D1B}"
EndProject
Project("{2150E333-8FDC-42A3-9474-1A3956D46DE8}") = "util", "util", "{BBA9CBF1-2814-4225-B683-B5528FE72F26}"
EndProject
Project("{2150E333-8FDC-42A3-9474-1A3956D46DE8}") = "external", "external", "{BED2E428-E8F8-449F-BA48-6E98C05BE7A8}"
EndProject
Project("{8BC9CEB8-8B4A-11D0-8D11-00A0C91BC942}") = "zlib", "external\zlib.vcxproj", "{E4FD05E9-BFC2-466D-9554-7B4C8BEEADCA}"
EndProject
Project("{8BC9CEB8-8B4A-11D0-8D11-00A0C91BC942}") = "win", "win\win.vcxproj", "{049B106B-ADB3-44DA-87B2-39B8E48F5F4D}"
EndProject
Global
	GlobalSection(SolutionConfigurationPlatforms) = preSolution
		Debug|x86 = Debug|x86
		Release|x86 = Release|x86
	EndGlobalSection
	GlobalSection(ProjectConfigurationPlatforms) = postSolution
		{0C6EE27F-4745-472A-A064-517015E353CF}.Debug|x86.ActiveCfg = Debug|Win32
		{0C6EE27F-4745-472A-A064-517015E353CF}.Debug|x86.Build.0 = Debug|Win32
		{0C6EE27F-4745-472A-A064-517015E353CF}.Release|x86.ActiveCfg = Release|Win32
		{0C6EE27F-4745-472A-A064-517015E353CF}.Release|x86.Build.0 = Release|Win32
		{D0586623-319C-4B32-ACE5-4EF03AFE1B3D}.Debug|x86.ActiveCfg = Debug|Win32
		{D0586623-319C-4B32-ACE5-4EF03AFE1B3D}.Debug|x86.Build.0 = Debug|Win32
		{D0586623-319C-4B32-ACE5-4EF03AFE1B3D}.Release|x86.ActiveCfg = Release|Win32
		{D0586623-319C-4B32-ACE5-4EF03AFE1B3D}.Release|x86.Build.0 = Release|Win32
		{49E8B366-CFB5-44FB-A90B-8DED311A82DA}.Debug|x86.ActiveCfg = Release|Win32
		{49E8B366-CFB5-44FB-A90B-8DED311A82DA}.Debug|x86.Build.0 = Release|Win32
		{49E8B366-CFB5-44FB-A90B-8DED311A82DA}.Release|x86.ActiveCfg = Release|Win32
		{49E8B366-CFB5-44FB-A90B-8DED311A82DA}.Release|x86.Build.0 = Release|Win32
		{B2EF9AD3-6506-47E7-8F56-646188E4F819}.Debug|x86.ActiveCfg = Debug|Win32
		{B2EF9AD3-6506-47E7-8F56-646188E4F819}.Debug|x86.Build.0 = Debug|Win32
		{B2EF9AD3-6506-47E7-8F56-646188E4F819}.Release|x86.ActiveCfg = Release|Win32
		{B2EF9AD3-6506-47E7-8F56-646188E4F819}.Release|x86.Build.0 = Release|Win32
		{EA6FAEDA-96D3-4C5F-9665-9B62BC637DA4}.Debug|x86.ActiveCfg = Debug|Win32
		{EA6FAEDA-96D3-4C5F-9665-9B62BC637DA4}.Debug|x86.Build.0 = Debug|Win32
		{EA6FAEDA-96D3-4C5F-9665-9B62BC637DA4}.Release|x86.ActiveCfg = Release|Win32
		{EA6FAEDA-96D3-4C5F-9665-9B62BC637DA4}.Release|x86.Build.0 = Release|Win32
		{B1890611-40A2-4144-A979-3409D8EAFD92}.Debug|x86.ActiveCfg = Debug|Win32
		{B1890611-40A2-4144-A979-3409D8EAFD92}.Debug|x86.Build.0 = Debug|Win32
		{B1890611-40A2-4144-A979-3409D8EAFD92}.Release|x86.ActiveCfg = Release|Win32
		{B1890611-40A2-4144-A979-3409D8EAFD92}.Release|x86.Build.0 = Release|Win32
		{5A9CD21F-774F-4C42-A44F-27E0937E3997}.Debug|x86.ActiveCfg = Debug|Win32
		{5A9CD21F-774F-4C42-A44F-27E0937E3997}.Debug|x86.Build.0 = Debug|Win32
		{5A9CD21F-774F-4C42-A44F-27E0937E3997}.Release|x86.ActiveCfg = Release|Win32
		{5A9CD21F-774F-4C42-A44F-27E0937E3997}.Release|x86.Build.0 = Release|Win32
		{645722AB-68DE-43CE-8001-45363F996D1B}.Debug|x86.ActiveCfg = Debug|Win32
		{645722AB-68DE-43CE-8001-45363F996D1B}.Debug|x86.Build.0 = Debug|Win32
		{645722AB-68DE-43CE-8001-45363F996D1B}.Release|x86.ActiveCfg = Release|Win32
		{645722AB-68DE-43CE-8001-45363F996D1B}.Release|x86.Build.0 = Release|Win32
		{E4FD05E9-BFC2-466D-9554-7B4C8BEEADCA}.Debug|x86.ActiveCfg = Debug|Win32
		{E4FD05E9-BFC2-466D-9554-7B4C8BEEADCA}.Debug|x86.Build.0 = Debug|Win32
		{E4FD05E9-BFC2-466D-9554-7B4C8BEEADCA}.Release|x86.ActiveCfg = Release|Win32
		{E4FD05E9-BFC2-466D-9554-7B4C8BEEADCA}.Release|x86.Build.0 = Release|Win32
		{049B106B-ADB3-44DA-87B2-39B8E48F5F4D}.Debug|x86.ActiveCfg = Debug|Win32
		{049B106B-ADB3-44DA-87B2-39B8E48F5F4D}.Debug|x86.Build.0 = Debug|Win32
		{049B106B-ADB3-44DA-87B2-39B8E48F5F4D}.Release|x86.ActiveCfg = Release|Win32
		{049B106B-ADB3-44DA-87B2-39B8E48F5F4D}.Release|x86.Build.0 = Release|Win32
	EndGlobalSection
	GlobalSection(SolutionProperties) = preSolution
		HideSolutionNode = FALSE
	EndGlobalSection
	GlobalSection(NestedProjects) = preSolution
		{81961254-DC51-4B2A-B732-A42010AB04E8} = {71FB05CD-DEC3-42D7-B863-B9A30143329F}
		{70FE8B25-FF3F-414F-A3E4-35D2ED0B0189} = {81961254-DC51-4B2A-B732-A42010AB04E8}
		{6471A795-2AA3-4F67-B974-C00E24C07AED} = {81961254-DC51-4B2A-B732-A42010AB04E8}
		{45A620F8-2FC4-41AA-B3A9-C0FD726B4CB8} = {27A56994-4E59-43C7-96F1-4102C19537CF}
		{49E8B366-CFB5-44FB-A90B-8DED311A82DA} = {45A620F8-2FC4-41AA-B3A9-C0FD726B4CB8}
		{D15253F0-E13C-4E9D-9723-193DCD3912A2} = {27A56994-4E59-43C7-96F1-4102C19537CF}
		{B2EF9AD3-6506-47E7-8F56-646188E4F819} = {D15253F0-E13C-4E9D-9723-193DCD3912A2}
		{B1890611-40A2-4144-A979-3409D8EAFD92} = {BBA9CBF1-2814-4225-B683-B5528FE72F26}
		{5A9CD21F-774F-4C42-A44F-27E0937E3997} = {BBA9CBF1-2814-4225-B683-B5528FE72F26}
		{645722AB-68DE-43CE-8001-45363F996D1B} = {BBA9CBF1-2814-4225-B683-B5528FE72F26}
		{E4FD05E9-BFC2-466D-9554-7B4C8BEEADCA} = {BED2E428-E8F8-449F-BA48-6E98C05BE7A8}
	EndGlobalSection
	GlobalSection(ExtensibilityGlobals) = postSolution
		SolutionGuid = {CFB1D83A-B804-4051-BE22-003EB389C9AB}
	EndGlobalSection
EndGlobal
