<?xml version="1.0" encoding="utf-8"?>
<Project ToolsVersion="4.0" xmlns="http://schemas.microsoft.com/developer/msbuild/2003">
  <ItemGroup>
    <Filter Include="Исходные файлы">
      <UniqueIdentifier>{4FC737F1-C7A5-4376-A066-2A32D752A2FF}</UniqueIdentifier>
      <Extensions>cpp;c;cc;cxx;c++;cppm;ixx;def;odl;idl;hpj;bat;asm;asmx</Extensions>
    </Filter>
    <Filter Include="Файлы заголовков">
      <UniqueIdentifier>{93995380-89BD-4b04-88EB-625FBE52EBFB}</UniqueIdentifier>
      <Extensions>h;hh;hpp;hxx;h++;hm;inl;inc;ipp;xsd</Extensions>
    </Filter>
    <Filter Include="Файлы ресурсов">
      <UniqueIdentifier>{67DA6AB6-F800-4c08-8B7A-83BB121AAD01}</UniqueIdentifier>
      <Extensions>rc;ico;cur;bmp;dlg;rc2;rct;bin;rgs;gif;jpg;jpeg;jpe;resx;tiff;tif;png;wav;mfcribbon-ms</Extensions>
    </Filter>
    <Filter Include="Исходные файлы\internal">
      <UniqueIdentifier>{8c6904e6-d926-43ab-8cf7-eb1cfe7f9e40}</UniqueIdentifier>
    </Filter>
    <Filter Include="Файлы заголовков\internal">
      <UniqueIdentifier>{0458e8f9-4cb4-4739-a5ef-9cbce510b97c}</UniqueIdentifier>
    </Filter>
  </ItemGroup>
  <ItemGroup>
    <ClCompile Include="Character.cpp">
      <Filter>Исходные файлы</Filter>
    </ClCompile>
    <ClCompile Include="Debug.cpp">
      <Filter>Исходные файлы</Filter>
    </ClCompile>
    <ClCompile Include="Double.cpp">
      <Filter>Исходные файлы</Filter>
    </ClCompile>
    <ClCompile Include="DynamicLinkLibrary.cpp">
      <Filter>Исходные файлы</Filter>
    </ClCompile>
    <ClCompile Include="Float.cpp">
      <Filter>Исходные файлы</Filter>
    </ClCompile>
    <ClCompile Include="Format.cpp">
      <Filter>Исходные файлы</Filter>
    </ClCompile>
    <ClCompile Include="Formattable.cpp">
      <Filter>Исходные файлы</Filter>
    </ClCompile>
    <ClCompile Include="Integer.cpp">
      <Filter>Исходные файлы</Filter>
    </ClCompile>
    <ClCompile Include="Long.cpp">
      <Filter>Исходные файлы</Filter>
    </ClCompile>
    <ClCompile Include="Math.cpp">
      <Filter>Исходные файлы</Filter>
    </ClCompile>
    <ClCompile Include="NumberReader.cpp">
      <Filter>Исходные файлы</Filter>
    </ClCompile>
    <ClCompile Include="Object.cpp">
      <Filter>Исходные файлы</Filter>
    </ClCompile>
    <ClCompile Include="Short.cpp">
      <Filter>Исходные файлы</Filter>
    </ClCompile>
    <ClCompile Include="String.cpp">
      <Filter>Исходные файлы</Filter>
    </ClCompile>
    <ClCompile Include="System.cpp">
      <Filter>Исходные файлы</Filter>
    </ClCompile>
    <ClCompile Include="Thread.cpp">
      <Filter>Исходные файлы</Filter>
    </ClCompile>
    <ClCompile Include="Throwable.cpp">
      <Filter>Исходные файлы</Filter>
    </ClCompile>
    <ClCompile Include="UTFConverter.cpp">
      <Filter>Исходные файлы</Filter>
    </ClCompile>
    <ClCompile Include="internal\Mutex.cpp">
      <Filter>Исходные файлы\internal</Filter>
    </ClCompile>
    <ClCompile Include="internal\Semaphore.cpp">
      <Filter>Исходные файлы\internal</Filter>
    </ClCompile>
    <ClCompile Include="internal\Thread_impl.cpp">
      <Filter>Исходные файлы\internal</Filter>
    </ClCompile>
  </ItemGroup>
  <ItemGroup>
    <ClInclude Include="Array.h">
      <Filter>Файлы заголовков</Filter>
    </ClInclude>
    <ClInclude Include="Char.h">
      <Filter>Файлы заголовков</Filter>
    </ClInclude>
    <ClInclude Include="Character.h">
      <Filter>Файлы заголовков</Filter>
    </ClInclude>
    <ClInclude Include="Debug.h">
      <Filter>Файлы заголовков</Filter>
    </ClInclude>
    <ClInclude Include="Double.h">
      <Filter>Файлы заголовков</Filter>
    </ClInclude>
    <ClInclude Include="DynamicLinkLibrary.h">
      <Filter>Файлы заголовков</Filter>
    </ClInclude>
    <ClInclude Include="Error.h">
      <Filter>Файлы заголовков</Filter>
    </ClInclude>
    <ClInclude Include="Exception.h">
      <Filter>Файлы заголовков</Filter>
    </ClInclude>
    <ClInclude Include="Float.h">
      <Filter>Файлы заголовков</Filter>
    </ClInclude>
    <ClInclude Include="Format.h">
      <Filter>Файлы заголовков</Filter>
    </ClInclude>
    <ClInclude Include="Formattable.h">
      <Filter>Файлы заголовков</Filter>
    </ClInclude>
    <ClInclude Include="Integer.h">
      <Filter>Файлы заголовков</Filter>
    </ClInclude>
    <ClInclude Include="Long.h">
      <Filter>Файлы заголовков</Filter>
    </ClInclude>
    <ClInclude Include="Math.h">
      <Filter>Файлы заголовков</Filter>
    </ClInclude>
    <ClInclude Include="Number.h">
      <Filter>Файлы заголовков</Filter>
    </ClInclude>
    <ClInclude Include="NumberFormatException.h">
      <Filter>Файлы заголовков</Filter>
    </ClInclude>
    <ClInclude Include="NumberReader.h">
      <Filter>Файлы заголовков</Filter>
    </ClInclude>
    <ClInclude Include="Object.h">
      <Filter>Файлы заголовков</Filter>
    </ClInclude>
    <ClInclude Include="Ptr.h">
      <Filter>Файлы заголовков</Filter>
    </ClInclude>
    <ClInclude Include="Short.h">
      <Filter>Файлы заголовков</Filter>
    </ClInclude>
    <ClInclude Include="String.h">
      <Filter>Файлы заголовков</Filter>
    </ClInclude>
    <ClInclude Include="System.h">
      <Filter>Файлы заголовков</Filter>
    </ClInclude>
    <ClInclude Include="Thread.h">
      <Filter>Файлы заголовков</Filter>
    </ClInclude>
    <ClInclude Include="Throwable.h">
      <Filter>Файлы заголовков</Filter>
    </ClInclude>
    <ClInclude Include="UTF16.h">
      <Filter>Файлы заголовков</Filter>
    </ClInclude>
    <ClInclude Include="UTFConverter.h">
      <Filter>Файлы заголовков</Filter>
    </ClInclude>
    <ClInclude Include="internal\config.h">
      <Filter>Файлы заголовков\internal</Filter>
    </ClInclude>
    <ClInclude Include="internal\config_inl.h">
      <Filter>Файлы заголовков\internal</Filter>
    </ClInclude>
    <ClInclude Include="internal\Mutex.h">
      <Filter>Файлы заголовков\internal</Filter>
    </ClInclude>
    <ClInclude Include="internal\NumberParse.h">
      <Filter>Файлы заголовков\internal</Filter>
    </ClInclude>
    <ClInclude Include="internal\Semaphore.h">
      <Filter>Файлы заголовков\internal</Filter>
    </ClInclude>
    <ClInclude Include="internal\Thread_impl.h">
      <Filter>Файлы заголовков\internal</Filter>
    </ClInclude>
  </ItemGroup>
</Project>